
Microsoft Visual Studio Solution File, Format Version 12.00
# Visual Studio Version 17
VisualStudioVersion = 17.14.36202.13 d17.14
MinimumVisualStudioVersion = 10.0.40219.1
Project("{8BC9CEB8-8B4A-11D0-8D11-00A0C91BC942}") = "SpriteMaker", "SpriteMaker\SpriteMaker.vcxproj", "{59530ECE-3CE9-4C27-BDEE-78F10FB3F175}"
EndProject
Global
	GlobalSection(SolutionConfigurationPlatforms) = preSolution
		Debug|x64 = Debug|x64
		Debug|x86 = Debug|x86
		Release|x64 = Release|x64
		Release|x86 = Release|x86
	EndGlobalSection
	GlobalSection(ProjectConfigurationPlatforms) = postSolution
		{59530ECE-3CE9-4C27-BDEE-78F10FB3F175}.Debug|x64.ActiveCfg = Debug|x64
		{59530ECE-3CE9-4C27-BDEE-78F10FB3F175}.Debug|x64.Build.0 = Debug|x64
		{59530ECE-3CE9-4C27-BDEE-78F10FB3F175}.Debug|x86.ActiveCfg = Debug|Win32
		{59530ECE-3CE9-4C27-BDEE-78F10FB3F175}.Debug|x86.Build.0 = Debug|Win32
		{59530ECE-3CE9-4C27-BDEE-78F10FB3F175}.Release|x64.ActiveCfg = Release|x64
		{59530ECE-3CE9-4C27-BDEE-78F10FB3F175}.Release|x64.Build.0 = Release|x64
		{59530ECE-3CE9-4C27-BDEE-78F10FB3F175}.Release|x86.ActiveCfg = Release|Win32
		{59530ECE-3CE9-4C27-BDEE-78F10FB3F175}.Release|x86.Build.0 = Release|Win32
	EndGlobalSection
	GlobalSection(SolutionProperties) = preSolution
		HideSolutionNode = FALSE
	EndGlobalSection
	GlobalSection(ExtensibilityGlobals) = postSolution
		SolutionGuid = {CC04AFD0-4CCF-462F-9BD2-A4A6AFD7B517}
	EndGlobalSection
EndGlobal
